
Microsoft Visual Studio Solution File, Format Version 12.00
# Visual Studio Version 16
VisualStudioVersion = 16.0.29025.244
MinimumVisualStudioVersion = 10.0.40219.1
Project("{FAE04EC0-301F-11D3-BF4B-00C04F79EFBC}") = "BDHelper", "BDHelper.csproj", "{7A8D9BC7-D9E4-47BE-9BCA-B1FAC7A5A96D}"
EndProject
Global
	GlobalSection(SolutionConfigurationPlatforms) = preSolution
		Debug|Any CPU = Debug|Any CPU
		Release|Any CPU = Release|Any CPU
	EndGlobalSection
	GlobalSection(ProjectConfigurationPlatforms) = postSolution
		{7A8D9BC7-D9E4-47BE-9BCA-B1FAC7A5A96D}.Debug|Any CPU.ActiveCfg = Debug|Any CPU
		{7A8D9BC7-D9E4-47BE-9BCA-B1FAC7A5A96D}.Debug|Any CPU.Build.0 = Debug|Any CPU
		{7A8D9BC7-D9E4-47BE-9BCA-B1FAC7A5A96D}.Release|Any CPU.ActiveCfg = Release|Any CPU
		{7A8D9BC7-D9E4-47BE-9BCA-B1FAC7A5A96D}.Release|Any CPU.Build.0 = Release|Any CPU
	EndGlobalSection
	GlobalSection(SolutionProperties) = preSolution
		HideSolutionNode = FALSE
	EndGlobalSection
	GlobalSection(ExtensibilityGlobals) = postSolution
		SolutionGuid = {2DAB984E-92EB-448D-9114-E142D2059443}
	EndGlobalSection
EndGlobal
